
Microsoft Visual Studio Solution File, Format Version 12.00
# Visual Studio Version 17
VisualStudioVersion = 17.9.34616.47
MinimumVisualStudioVersion = 10.0.40219.1
Project("{8BC9CEB8-8B4A-11D0-8D11-00A0C91BC942}") = "Struc1", "ConsoleApplication\ConsoleApplication.vcxproj", "{85EC3A11-445B-404A-BB70-75068961DD82}"
EndProject
Project("{8BC9CEB8-8B4A-11D0-8D11-00A0C91BC942}") = "Struc2", "Struc2\Struc2.vcxproj", "{D8E9C0E6-BDE3-4CA6-8A23-6F7F481F7C1B}"
EndProject
Project("{8BC9CEB8-8B4A-11D0-8D11-00A0C91BC942}") = "Struc3", "Struc3\Struc3.vcxproj", "{D0C82F20-04A4-4522-A7B9-77FD499307BE}"
EndProject
Project("{8BC9CEB8-8B4A-11D0-8D11-00A0C91BC942}") = "Struc4", "Struc4\Struc4.vcxproj", "{FD7DF1B7-84B5-41AC-A384-DC813E28ADD3}"
EndProject
Global
	GlobalSection(SolutionConfigurationPlatforms) = preSolution
		Debug|x64 = Debug|x64
		Debug|x86 = Debug|x86
		Release|x64 = Release|x64
		Release|x86 = Release|x86
	EndGlobalSection
	GlobalSection(ProjectConfigurationPlatforms) = postSolution
		{85EC3A11-445B-404A-BB70-75068961DD82}.Debug|x64.ActiveCfg = Debug|x64
		{85EC3A11-445B-404A-BB70-75068961DD82}.Debug|x64.Build.0 = Debug|x64
		{85EC3A11-445B-404A-BB70-75068961DD82}.Debug|x86.ActiveCfg = Debug|Win32
		{85EC3A11-445B-404A-BB70-75068961DD82}.Debug|x86.Build.0 = Debug|Win32
		{85EC3A11-445B-404A-BB70-75068961DD82}.Release|x64.ActiveCfg = Release|x64
		{85EC3A11-445B-404A-BB70-75068961DD82}.Release|x64.Build.0 = Release|x64
		{85EC3A11-445B-404A-BB70-75068961DD82}.Release|x86.ActiveCfg = Release|Win32
		{85EC3A11-445B-404A-BB70-75068961DD82}.Release|x86.Build.0 = Release|Win32
		{D8E9C0E6-BDE3-4CA6-8A23-6F7F481F7C1B}.Debug|x64.ActiveCfg = Debug|x64
		{D8E9C0E6-BDE3-4CA6-8A23-6F7F481F7C1B}.Debug|x64.Build.0 = Debug|x64
		{D8E9C0E6-BDE3-4CA6-8A23-6F7F481F7C1B}.Debug|x86.ActiveCfg = Debug|Win32
		{D8E9C0E6-BDE3-4CA6-8A23-6F7F481F7C1B}.Debug|x86.Build.0 = Debug|Win32
		{D8E9C0E6-BDE3-4CA6-8A23-6F7F481F7C1B}.Release|x64.ActiveCfg = Release|x64
		{D8E9C0E6-BDE3-4CA6-8A23-6F7F481F7C1B}.Release|x64.Build.0 = Release|x64
		{D8E9C0E6-BDE3-4CA6-8A23-6F7F481F7C1B}.Release|x86.ActiveCfg = Release|Win32
		{D8E9C0E6-BDE3-4CA6-8A23-6F7F481F7C1B}.Release|x86.Build.0 = Release|Win32
		{D0C82F20-04A4-4522-A7B9-77FD499307BE}.Debug|x64.ActiveCfg = Debug|x64
		{D0C82F20-04A4-4522-A7B9-77FD499307BE}.Debug|x64.Build.0 = Debug|x64
		{D0C82F20-04A4-4522-A7B9-77FD499307BE}.Debug|x86.ActiveCfg = Debug|Win32
		{D0C82F20-04A4-4522-A7B9-77FD499307BE}.Debug|x86.Build.0 = Debug|Win32
		{D0C82F20-04A4-4522-A7B9-77FD499307BE}.Release|x64.ActiveCfg = Release|x64
		{D0C82F20-04A4-4522-A7B9-77FD499307BE}.Release|x64.Build.0 = Release|x64
		{D0C82F20-04A4-4522-A7B9-77FD499307BE}.Release|x86.ActiveCfg = Release|Win32
		{D0C82F20-04A4-4522-A7B9-77FD499307BE}.Release|x86.Build.0 = Release|Win32
		{FD7DF1B7-84B5-41AC-A384-DC813E28ADD3}.Debug|x64.ActiveCfg = Debug|x64
		{FD7DF1B7-84B5-41AC-A384-DC813E28ADD3}.Debug|x64.Build.0 = Debug|x64
		{FD7DF1B7-84B5-41AC-A384-DC813E28ADD3}.Debug|x86.ActiveCfg = Debug|Win32
		{FD7DF1B7-84B5-41AC-A384-DC813E28ADD3}.Debug|x86.Build.0 = Debug|Win32
		{FD7DF1B7-84B5-41AC-A384-DC813E28ADD3}.Release|x64.ActiveCfg = Release|x64
		{FD7DF1B7-84B5-41AC-A384-DC813E28ADD3}.Release|x64.Build.0 = Release|x64
		{FD7DF1B7-84B5-41AC-A384-DC813E28ADD3}.Release|x86.ActiveCfg = Release|Win32
		{FD7DF1B7-84B5-41AC-A384-DC813E28ADD3}.Release|x86.Build.0 = Release|Win32
	EndGlobalSection
	GlobalSection(SolutionProperties) = preSolution
		HideSolutionNode = FALSE
	EndGlobalSection
	GlobalSection(ExtensibilityGlobals) = postSolution
		SolutionGuid = {2E21731C-F428-4AB0-B096-5163598E2BF4}
	EndGlobalSection
EndGlobal
